
Microsoft Visual Studio Solution File, Format Version 12.00
# Visual Studio Version 17
VisualStudioVersion = 17.7.34009.444
MinimumVisualStudioVersion = 10.0.40219.1
Project("{9A19103F-16F7-4668-BE54-9A1E7A4F7556}") = "SWD", "be\SWD\SWD.csproj", "{CF2745EA-7A9A-41B2-BAD0-348A113F4E72}"
EndProject
Project("{9A19103F-16F7-4668-BE54-9A1E7A4F7556}") = "Services", "be\Services\Services.csproj", "{C99A8BFB-B209-42DF-A381-3F68DAD0E2E5}"
EndProject
Project("{9A19103F-16F7-4668-BE54-9A1E7A4F7556}") = "Repositories", "be\Repositories\Repositories.csproj", "{B0334011-F63E-4880-B3F1-25623EC05C2E}"
EndProject
Global
	GlobalSection(SolutionConfigurationPlatforms) = preSolution
		Debug|Any CPU = Debug|Any CPU
		Release|Any CPU = Release|Any CPU
	EndGlobalSection
	GlobalSection(ProjectConfigurationPlatforms) = postSolution
		{CF2745EA-7A9A-41B2-BAD0-348A113F4E72}.Debug|Any CPU.ActiveCfg = Debug|Any CPU
		{CF2745EA-7A9A-41B2-BAD0-348A113F4E72}.Debug|Any CPU.Build.0 = Debug|Any CPU
		{CF2745EA-7A9A-41B2-BAD0-348A113F4E72}.Release|Any CPU.ActiveCfg = Release|Any CPU
		{CF2745EA-7A9A-41B2-BAD0-348A113F4E72}.Release|Any CPU.Build.0 = Release|Any CPU
		{C99A8BFB-B209-42DF-A381-3F68DAD0E2E5}.Debug|Any CPU.ActiveCfg = Debug|Any CPU
		{C99A8BFB-B209-42DF-A381-3F68DAD0E2E5}.Debug|Any CPU.Build.0 = Debug|Any CPU
		{C99A8BFB-B209-42DF-A381-3F68DAD0E2E5}.Release|Any CPU.ActiveCfg = Release|Any CPU
		{C99A8BFB-B209-42DF-A381-3F68DAD0E2E5}.Release|Any CPU.Build.0 = Release|Any CPU
		{B0334011-F63E-4880-B3F1-25623EC05C2E}.Debug|Any CPU.ActiveCfg = Debug|Any CPU
		{B0334011-F63E-4880-B3F1-25623EC05C2E}.Debug|Any CPU.Build.0 = Debug|Any CPU
		{B0334011-F63E-4880-B3F1-25623EC05C2E}.Release|Any CPU.ActiveCfg = Release|Any CPU
		{B0334011-F63E-4880-B3F1-25623EC05C2E}.Release|Any CPU.Build.0 = Release|Any CPU
	EndGlobalSection
	GlobalSection(SolutionProperties) = preSolution
		HideSolutionNode = FALSE
	EndGlobalSection
	GlobalSection(ExtensibilityGlobals) = postSolution
		SolutionGuid = {FB4BF80D-6D44-41ED-BA01-BD9C46DB2159}
	EndGlobalSection
EndGlobal
