
Microsoft Visual Studio Solution File, Format Version 12.00
# Visual Studio Version 17
VisualStudioVersion = 17.7.34009.444
MinimumVisualStudioVersion = 10.0.40219.1
Project("{9A19103F-16F7-4668-BE54-9A1E7A4F7556}") = "Repositories", "be\Repositories\Repositories.csproj", "{CB9EFCD9-E58D-447C-9FB5-774C96383096}"
EndProject
Project("{9A19103F-16F7-4668-BE54-9A1E7A4F7556}") = "Services", "be\Services\Services.csproj", "{248D8517-9325-45A2-A2AD-18F9E964AA15}"
EndProject
Project("{9A19103F-16F7-4668-BE54-9A1E7A4F7556}") = "SWD", "be\SWD\SWD.csproj", "{4396B005-B2CC-4AFF-BCA7-17E3FF388E79}"
EndProject
Global
	GlobalSection(SolutionConfigurationPlatforms) = preSolution
		Debug|Any CPU = Debug|Any CPU
		Release|Any CPU = Release|Any CPU
	EndGlobalSection
	GlobalSection(ProjectConfigurationPlatforms) = postSolution
		{CB9EFCD9-E58D-447C-9FB5-774C96383096}.Debug|Any CPU.ActiveCfg = Debug|Any CPU
		{CB9EFCD9-E58D-447C-9FB5-774C96383096}.Debug|Any CPU.Build.0 = Debug|Any CPU
		{CB9EFCD9-E58D-447C-9FB5-774C96383096}.Release|Any CPU.ActiveCfg = Release|Any CPU
		{CB9EFCD9-E58D-447C-9FB5-774C96383096}.Release|Any CPU.Build.0 = Release|Any CPU
		{248D8517-9325-45A2-A2AD-18F9E964AA15}.Debug|Any CPU.ActiveCfg = Debug|Any CPU
		{248D8517-9325-45A2-A2AD-18F9E964AA15}.Debug|Any CPU.Build.0 = Debug|Any CPU
		{248D8517-9325-45A2-A2AD-18F9E964AA15}.Release|Any CPU.ActiveCfg = Release|Any CPU
		{248D8517-9325-45A2-A2AD-18F9E964AA15}.Release|Any CPU.Build.0 = Release|Any CPU
		{4396B005-B2CC-4AFF-BCA7-17E3FF388E79}.Debug|Any CPU.ActiveCfg = Debug|Any CPU
		{4396B005-B2CC-4AFF-BCA7-17E3FF388E79}.Debug|Any CPU.Build.0 = Debug|Any CPU
		{4396B005-B2CC-4AFF-BCA7-17E3FF388E79}.Release|Any CPU.ActiveCfg = Release|Any CPU
		{4396B005-B2CC-4AFF-BCA7-17E3FF388E79}.Release|Any CPU.Build.0 = Release|Any CPU
	EndGlobalSection
	GlobalSection(SolutionProperties) = preSolution
		HideSolutionNode = FALSE
	EndGlobalSection
	GlobalSection(ExtensibilityGlobals) = postSolution
		SolutionGuid = {FB4BF80D-6D44-41ED-BA01-BD9C46DB2159}
	EndGlobalSection
EndGlobal
