
Microsoft Visual Studio Solution File, Format Version 12.00
# Visual Studio Version 17
VisualStudioVersion = 17.7.34009.444
MinimumVisualStudioVersion = 10.0.40219.1
Project("{9A19103F-16F7-4668-BE54-9A1E7A4F7556}") = "SWD", "SWD.csproj", "{4FFA5C9E-83D6-4107-8BA6-149B17BC7A6A}"
EndProject
Project("{9A19103F-16F7-4668-BE54-9A1E7A4F7556}") = "Repositories", "..\Repositories\Repositories.csproj", "{77BD7764-E08F-4AD6-9564-CC3E7E75D5AD}"
EndProject
Project("{9A19103F-16F7-4668-BE54-9A1E7A4F7556}") = "Services", "..\Services\Services.csproj", "{3519327F-BFE9-4E2F-9BD5-AE5953361473}"
EndProject
Global
	GlobalSection(SolutionConfigurationPlatforms) = preSolution
		Debug|Any CPU = Debug|Any CPU
		Release|Any CPU = Release|Any CPU
	EndGlobalSection
	GlobalSection(ProjectConfigurationPlatforms) = postSolution
		{4FFA5C9E-83D6-4107-8BA6-149B17BC7A6A}.Debug|Any CPU.ActiveCfg = Debug|Any CPU
		{4FFA5C9E-83D6-4107-8BA6-149B17BC7A6A}.Debug|Any CPU.Build.0 = Debug|Any CPU
		{4FFA5C9E-83D6-4107-8BA6-149B17BC7A6A}.Release|Any CPU.ActiveCfg = Release|Any CPU
		{4FFA5C9E-83D6-4107-8BA6-149B17BC7A6A}.Release|Any CPU.Build.0 = Release|Any CPU
		{77BD7764-E08F-4AD6-9564-CC3E7E75D5AD}.Debug|Any CPU.ActiveCfg = Debug|Any CPU
		{77BD7764-E08F-4AD6-9564-CC3E7E75D5AD}.Debug|Any CPU.Build.0 = Debug|Any CPU
		{77BD7764-E08F-4AD6-9564-CC3E7E75D5AD}.Release|Any CPU.ActiveCfg = Release|Any CPU
		{77BD7764-E08F-4AD6-9564-CC3E7E75D5AD}.Release|Any CPU.Build.0 = Release|Any CPU
		{3519327F-BFE9-4E2F-9BD5-AE5953361473}.Debug|Any CPU.ActiveCfg = Debug|Any CPU
		{3519327F-BFE9-4E2F-9BD5-AE5953361473}.Debug|Any CPU.Build.0 = Debug|Any CPU
		{3519327F-BFE9-4E2F-9BD5-AE5953361473}.Release|Any CPU.ActiveCfg = Release|Any CPU
		{3519327F-BFE9-4E2F-9BD5-AE5953361473}.Release|Any CPU.Build.0 = Release|Any CPU
	EndGlobalSection
	GlobalSection(SolutionProperties) = preSolution
		HideSolutionNode = FALSE
	EndGlobalSection
	GlobalSection(ExtensibilityGlobals) = postSolution
		SolutionGuid = {FB4BF80D-6D44-41ED-BA01-BD9C46DB2159}
	EndGlobalSection
EndGlobal
