
Microsoft Visual Studio Solution File, Format Version 12.00
# Visual Studio Version 17
VisualStudioVersion = 17.7.34009.444
MinimumVisualStudioVersion = 10.0.40219.1
Project("{9A19103F-16F7-4668-BE54-9A1E7A4F7556}") = "SWD", "SWD\SWD.csproj", "{9DD8504A-8125-48CE-ADDE-2DB8531A1B0A}"
EndProject
Project("{9A19103F-16F7-4668-BE54-9A1E7A4F7556}") = "Repositories", "Repositories\Repositories.csproj", "{EC3F4E68-024B-4FB7-BC52-ECAE413E587F}"
EndProject
Project("{9A19103F-16F7-4668-BE54-9A1E7A4F7556}") = "Services", "Services\Services.csproj", "{CCD73B82-BE65-484D-8CAE-1C66B2A7DBD6}"
EndProject
Global
	GlobalSection(SolutionConfigurationPlatforms) = preSolution
		Debug|Any CPU = Debug|Any CPU
		Release|Any CPU = Release|Any CPU
	EndGlobalSection
	GlobalSection(ProjectConfigurationPlatforms) = postSolution
		{9DD8504A-8125-48CE-ADDE-2DB8531A1B0A}.Debug|Any CPU.ActiveCfg = Debug|Any CPU
		{9DD8504A-8125-48CE-ADDE-2DB8531A1B0A}.Debug|Any CPU.Build.0 = Debug|Any CPU
		{9DD8504A-8125-48CE-ADDE-2DB8531A1B0A}.Release|Any CPU.ActiveCfg = Release|Any CPU
		{9DD8504A-8125-48CE-ADDE-2DB8531A1B0A}.Release|Any CPU.Build.0 = Release|Any CPU
		{EC3F4E68-024B-4FB7-BC52-ECAE413E587F}.Debug|Any CPU.ActiveCfg = Debug|Any CPU
		{EC3F4E68-024B-4FB7-BC52-ECAE413E587F}.Debug|Any CPU.Build.0 = Debug|Any CPU
		{EC3F4E68-024B-4FB7-BC52-ECAE413E587F}.Release|Any CPU.ActiveCfg = Release|Any CPU
		{EC3F4E68-024B-4FB7-BC52-ECAE413E587F}.Release|Any CPU.Build.0 = Release|Any CPU
		{CCD73B82-BE65-484D-8CAE-1C66B2A7DBD6}.Debug|Any CPU.ActiveCfg = Debug|Any CPU
		{CCD73B82-BE65-484D-8CAE-1C66B2A7DBD6}.Debug|Any CPU.Build.0 = Debug|Any CPU
		{CCD73B82-BE65-484D-8CAE-1C66B2A7DBD6}.Release|Any CPU.ActiveCfg = Release|Any CPU
		{CCD73B82-BE65-484D-8CAE-1C66B2A7DBD6}.Release|Any CPU.Build.0 = Release|Any CPU
	EndGlobalSection
	GlobalSection(SolutionProperties) = preSolution
		HideSolutionNode = FALSE
	EndGlobalSection
	GlobalSection(ExtensibilityGlobals) = postSolution
		SolutionGuid = {FB4BF80D-6D44-41ED-BA01-BD9C46DB2159}
	EndGlobalSection
EndGlobal
